
Microsoft Visual Studio Solution File, Format Version 12.00
# Visual Studio 15
VisualStudioVersion = 15.0.26228.4
MinimumVisualStudioVersion = 10.0.40219.1
Project("{FAE04EC0-301F-11D3-BF4B-00C04F79EFBC}") = "Workers", "Workers\Workers.csproj", "{A19FDC63-67B8-4DAF-BD15-3559C61B35B2}"
EndProject
Project("{FAE04EC0-301F-11D3-BF4B-00C04F79EFBC}") = "WorkersLibary", "WorkersLibary\WorkersLibary.csproj", "{EECC3ECB-CE17-44AB-90E4-D546E23961E0}"
EndProject
Global
	GlobalSection(SolutionConfigurationPlatforms) = preSolution
		Debug|Any CPU = Debug|Any CPU
		Release|Any CPU = Release|Any CPU
	EndGlobalSection
	GlobalSection(ProjectConfigurationPlatforms) = postSolution
		{A19FDC63-67B8-4DAF-BD15-3559C61B35B2}.Debug|Any CPU.ActiveCfg = Debug|Any CPU
		{A19FDC63-67B8-4DAF-BD15-3559C61B35B2}.Debug|Any CPU.Build.0 = Debug|Any CPU
		{A19FDC63-67B8-4DAF-BD15-3559C61B35B2}.Release|Any CPU.ActiveCfg = Release|Any CPU
		{A19FDC63-67B8-4DAF-BD15-3559C61B35B2}.Release|Any CPU.Build.0 = Release|Any CPU
		{EECC3ECB-CE17-44AB-90E4-D546E23961E0}.Debug|Any CPU.ActiveCfg = Debug|Any CPU
		{EECC3ECB-CE17-44AB-90E4-D546E23961E0}.Debug|Any CPU.Build.0 = Debug|Any CPU
		{EECC3ECB-CE17-44AB-90E4-D546E23961E0}.Release|Any CPU.ActiveCfg = Release|Any CPU
		{EECC3ECB-CE17-44AB-90E4-D546E23961E0}.Release|Any CPU.Build.0 = Release|Any CPU
	EndGlobalSection
	GlobalSection(SolutionProperties) = preSolution
		HideSolutionNode = FALSE
	EndGlobalSection
EndGlobal
